Microsoft Visual Studio Solution File, Format Version 12.00
# Visual Studio 2012
Project("{FAE04EC0-301F-11D3-BF4B-00C04F79EFBC}") = "Proyecto Robot Illimani", "Proyecto Robot Illimani.csproj", "{9BA38291-943D-4713-B222-79408E0ABB39}"
EndProject
Global
	GlobalSection(SolutionConfigurationPlatforms) = preSolution
	Debug|Any CPU = Debug|Any CPU
	ExportDebug|Any CPU = ExportDebug|Any CPU
	ExportRelease|Any CPU = ExportRelease|Any CPU
	EndGlobalSection
	GlobalSection(ProjectConfigurationPlatforms) = postSolution
		{9BA38291-943D-4713-B222-79408E0ABB39}.Debug|Any CPU.ActiveCfg = Debug|Any CPU
		{9BA38291-943D-4713-B222-79408E0ABB39}.Debug|Any CPU.Build.0 = Debug|Any CPU
		{9BA38291-943D-4713-B222-79408E0ABB39}.ExportDebug|Any CPU.ActiveCfg = ExportDebug|Any CPU
		{9BA38291-943D-4713-B222-79408E0ABB39}.ExportDebug|Any CPU.Build.0 = ExportDebug|Any CPU
		{9BA38291-943D-4713-B222-79408E0ABB39}.ExportRelease|Any CPU.ActiveCfg = ExportRelease|Any CPU
		{9BA38291-943D-4713-B222-79408E0ABB39}.ExportRelease|Any CPU.Build.0 = ExportRelease|Any CPU
	EndGlobalSection
EndGlobal
